{
  "name": "floorplans",
  "version": "0.0.1",
  "lockfileVersion": 2,
  "requires": true,
  "packages": {
    "": {
      "name": "floorplans",
      "version": "0.0.1",
      "license": "Apache-2.0",
      "devDependencies": {
        "@allmaps/transform": "^1.0.0-beta.48",
        "fast-xml-parser": "^5.2.5",
        "uglify-js": "^3.17.4"
      }
    },
    "node_modules/@allmaps/annotation": {
      "version": "1.0.0-beta.35",
      "resolved": "https://registry.npmjs.org/@allmaps/annotation/-/annotation-1.0.0-beta.35.tgz",
      "integrity": "sha512-YmAn2cSJrULHl9xML/JeOobLr9zijfR4OTnPKGtlf/RkxTh8SNn0v6T3+x7YWvhT3fOt+oJJsJd6RF4L3oljYw==",
      "dev": true,
      "license": "MIT",
      "dependencies": {
        "zod": "^3.22.4"
      }
    },
    "node_modules/@allmaps/iiif-parser": {
      "version": "1.0.0-beta.45",
      "resolved": "https://registry.npmjs.org/@allmaps/iiif-parser/-/iiif-parser-1.0.0-beta.45.tgz",
      "integrity": "sha512-xVwfWyVFurp+of4jAYAo8tBHJlku68Os1aByz1cQVG/DosiRfFYfcEV1vsF00PmXIUBmOJyvZ97vqA6r605/Nw==",
      "dev": true,
      "license": "MIT",
      "dependencies": {
        "zod": "^3.24.1"
      }
    },
    "node_modules/@allmaps/stdlib": {
      "version": "1.0.0-beta.37",
      "resolved": "https://registry.npmjs.org/@allmaps/stdlib/-/stdlib-1.0.0-beta.37.tgz",
      "integrity": "sha512-sIz6un42v1KXS71hOfnqxj9mRJ00ankuSQJl4VN6BJc8EciywNxLgbAzlFR6nPbQbQvlKA83Uvif83i4Ao/w6g==",
      "dev": true,
      "license": "MIT",
      "dependencies": {
        "@allmaps/annotation": "^1.0.0-beta.35",
        "@allmaps/iiif-parser": "^1.0.0-beta.45",
        "@turf/rewind": "^7.2.0",
        "hex-rgb": "^5.0.0",
        "monotone-chain-convex-hull": "^1.1.0",
        "rgb-hex": "^4.1.0",
        "svg-parser": "^2.0.4"
      }
    },
    "node_modules/@allmaps/transform": {
      "version": "1.0.0-beta.48",
      "resolved": "https://registry.npmjs.org/@allmaps/transform/-/transform-1.0.0-beta.48.tgz",
      "integrity": "sha512-uDfmR9ODPWIDJ6nbKhGK6ElCykoFCqnIG0XK3qGp5+wbvYh/oYnQDjqZMnZPrH/zoaauTw1yDS2lP0APyRiMQA==",
      "dev": true,
      "license": "MIT",
      "dependencies": {
        "@allmaps/stdlib": "^1.0.0-beta.37",
        "@turf/distance": "^7.2.0",
        "@turf/midpoint": "^7.2.0",
        "ml-matrix": "^6.12.0"
      }
    },
    "node_modules/@turf/bearing": {
      "version": "7.2.0",
      "resolved": "https://registry.npmjs.org/@turf/bearing/-/bearing-7.2.0.tgz",
      "integrity": "sha512-Jm0Xt3GgHjRrWvBtAGvgfnADLm+4exud2pRlmCYx8zfiKuNXQFkrcTZcOiJOgTfG20Agq28iSh15uta47jSIbg==",
      "dev": true,
      "license": "MIT",
      "dependencies": {
        "@turf/helpers": "^7.2.0",
        "@turf/invariant": "^7.2.0",
        "@types/geojson": "^7946.0.10",
        "tslib": "^2.8.1"
      },
      "funding": {
        "url": "https://opencollective.com/turf"
      }
    },
    "node_modules/@turf/boolean-clockwise": {
      "version": "7.2.0",
      "resolved": "https://registry.npmjs.org/@turf/boolean-clockwise/-/boolean-clockwise-7.2.0.tgz",
      "integrity": "sha512-0fJeFSARxy6ealGBM4Gmgpa1o8msQF87p2Dx5V6uSqzT8VPDegX1NSWl4b7QgXczYa9qv7IAABttdWP0K7Q7eQ==",
      "dev": true,
      "license": "MIT",
      "dependencies": {
        "@turf/helpers": "^7.2.0",
        "@turf/invariant": "^7.2.0",
        "@types/geojson": "^7946.0.10",
        "tslib": "^2.8.1"
      },
      "funding": {
        "url": "https://opencollective.com/turf"
      }
    },
    "node_modules/@turf/clone": {
      "version": "7.2.0",
      "resolved": "https://registry.npmjs.org/@turf/clone/-/clone-7.2.0.tgz",
      "integrity": "sha512-JlGUT+/5qoU5jqZmf6NMFIoLDY3O7jKd53Up+zbpJ2vzUp6QdwdNzwrsCeONhynWM13F0MVtPXH4AtdkrgFk4g==",
      "dev": true,
      "license": "MIT",
      "dependencies": {
        "@turf/helpers": "^7.2.0",
        "@types/geojson": "^7946.0.10",
        "tslib": "^2.8.1"
      },
      "funding": {
        "url": "https://opencollective.com/turf"
      }
    },
    "node_modules/@turf/destination": {
      "version": "7.2.0",
      "resolved": "https://registry.npmjs.org/@turf/destination/-/destination-7.2.0.tgz",
      "integrity": "sha512-8DUxtOO0Fvrh1xclIUj3d9C5WS20D21F5E+j+X9Q+ju6fcM4huOqTg5ckV1DN2Pg8caABEc5HEZJnGch/5YnYQ==",
      "dev": true,
      "license": "MIT",
      "dependencies": {
        "@turf/helpers": "^7.2.0",
        "@turf/invariant": "^7.2.0",
        "@types/geojson": "^7946.0.10",
        "tslib": "^2.8.1"
      },
      "funding": {
        "url": "https://opencollective.com/turf"
      }
    },
    "node_modules/@turf/distance": {
      "version": "7.2.0",
      "resolved": "https://registry.npmjs.org/@turf/distance/-/distance-7.2.0.tgz",
      "integrity": "sha512-HBjjXIgEcD/wJYjv7/6OZj5yoky2oUvTtVeIAqO3lL80XRvoYmVg6vkOIu6NswkerwLDDNT9kl7+BFLJoHbh6Q==",
      "dev": true,
      "license": "MIT",
      "dependencies": {
        "@turf/helpers": "^7.2.0",
        "@turf/invariant": "^7.2.0",
        "@types/geojson": "^7946.0.10",
        "tslib": "^2.8.1"
      },
      "funding": {
        "url": "https://opencollective.com/turf"
      }
    },
    "node_modules/@turf/helpers": {
      "version": "7.2.0",
      "resolved": "https://registry.npmjs.org/@turf/helpers/-/helpers-7.2.0.tgz",
      "integrity": "sha512-cXo7bKNZoa7aC7ydLmUR02oB3IgDe7MxiPuRz3cCtYQHn+BJ6h1tihmamYDWWUlPHgSNF0i3ATc4WmDECZafKw==",
      "dev": true,
      "license": "MIT",
      "dependencies": {
        "@types/geojson": "^7946.0.10",
        "tslib": "^2.8.1"
      },
      "funding": {
        "url": "https://opencollective.com/turf"
      }
    },
    "node_modules/@turf/invariant": {
      "version": "7.2.0",
      "resolved": "https://registry.npmjs.org/@turf/invariant/-/invariant-7.2.0.tgz",
      "integrity": "sha512-kV4u8e7Gkpq+kPbAKNC21CmyrXzlbBgFjO1PhrHPgEdNqXqDawoZ3i6ivE3ULJj2rSesCjduUaC/wyvH/sNr2Q==",
      "dev": true,
      "license": "MIT",
      "dependencies": {
        "@turf/helpers": "^7.2.0",
        "@types/geojson": "^7946.0.10",
        "tslib": "^2.8.1"
      },
      "funding": {
        "url": "https://opencollective.com/turf"
      }
    },
    "node_modules/@turf/meta": {
      "version": "7.2.0",
      "resolved": "https://registry.npmjs.org/@turf/meta/-/meta-7.2.0.tgz",
      "integrity": "sha512-igzTdHsQc8TV1RhPuOLVo74Px/hyPrVgVOTgjWQZzt3J9BVseCdpfY/0cJBdlSRI4S/yTmmHl7gAqjhpYH5Yaw==",
      "dev": true,
      "license": "MIT",
      "dependencies": {
        "@turf/helpers": "^7.2.0",
        "@types/geojson": "^7946.0.10"
      },
      "funding": {
        "url": "https://opencollective.com/turf"
      }
    },
    "node_modules/@turf/midpoint": {
      "version": "7.2.0",
      "resolved": "https://registry.npmjs.org/@turf/midpoint/-/midpoint-7.2.0.tgz",
      "integrity": "sha512-AMn5S9aSrbXdE+Q4Rj+T5nLdpfpn+mfzqIaEKkYI021HC0vb22HyhQHsQbSeX+AWcS4CjD1hFsYVcgKI+5qCfw==",
      "dev": true,
      "license": "MIT",
      "dependencies": {
        "@turf/bearing": "^7.2.0",
        "@turf/destination": "^7.2.0",
        "@turf/distance": "^7.2.0",
        "@turf/helpers": "^7.2.0",
        "@types/geojson": "^7946.0.10",
        "tslib": "^2.8.1"
      },
      "funding": {
        "url": "https://opencollective.com/turf"
      }
    },
    "node_modules/@turf/rewind": {
      "version": "7.2.0",
      "resolved": "https://registry.npmjs.org/@turf/rewind/-/rewind-7.2.0.tgz",
      "integrity": "sha512-SZpRAZiZsE22+HVz6pEID+ST25vOdpAMGk5NO1JeqzhpMALIkIGnkG+xnun2CfYHz7wv8/Z0ADiAvei9rkcQYA==",
      "dev": true,
      "license": "MIT",
      "dependencies": {
        "@turf/boolean-clockwise": "^7.2.0",
        "@turf/clone": "^7.2.0",
        "@turf/helpers": "^7.2.0",
        "@turf/invariant": "^7.2.0",
        "@turf/meta": "^7.2.0",
        "@types/geojson": "^7946.0.10",
        "tslib": "^2.8.1"
      },
      "funding": {
        "url": "https://opencollective.com/turf"
      }
    },
    "node_modules/@types/geojson": {
      "version": "7946.0.16",
      "resolved": "https://registry.npmjs.org/@types/geojson/-/geojson-7946.0.16.tgz",
      "integrity": "sha512-6C8nqWur3j98U6+lXDfTUWIfgvZU+EumvpHKcYjujKH7woYyLj2sUmff0tRhrqM7BohUw7Pz3ZB1jj2gW9Fvmg==",
      "dev": true,
      "license": "MIT"
    },
    "node_modules/fast-xml-parser": {
      "version": "5.2.5",
      "resolved": "https://registry.npmjs.org/fast-xml-parser/-/fast-xml-parser-5.2.5.tgz",
      "integrity": "sha512-pfX9uG9Ki0yekDHx2SiuRIyFdyAr1kMIMitPvb0YBo8SUfKvia7w7FIyd/l6av85pFYRhZscS75MwMnbvY+hcQ==",
      "dev": true,
      "funding": [
        {
          "type": "github",
          "url": "https://github.com/sponsors/NaturalIntelligence"
        }
      ],
      "license": "MIT",
      "dependencies": {
        "strnum": "^2.1.0"
      },
      "bin": {
        "fxparser": "src/cli/cli.js"
      }
    },
    "node_modules/hex-rgb": {
      "version": "5.0.0",
      "resolved": "https://registry.npmjs.org/hex-rgb/-/hex-rgb-5.0.0.tgz",
      "integrity": "sha512-NQO+lgVUCtHxZ792FodgW0zflK+ozS9X9dwGp9XvvmPlH7pyxd588cn24TD3rmPm/N0AIRXF10Otah8yKqGw4w==",
      "dev": true,
      "license": "MIT",
      "engines": {
        "node": ">=12"
      },
      "funding": {
        "url": "https://github.com/sponsors/sindresorhus"
      }
    },
    "node_modules/is-any-array": {
      "version": "2.0.1",
      "resolved": "https://registry.npmjs.org/is-any-array/-/is-any-array-2.0.1.tgz",
      "integrity": "sha512-UtilS7hLRu++wb/WBAw9bNuP1Eg04Ivn1vERJck8zJthEvXCBEBpGR/33u/xLKWEQf95803oalHrVDptcAvFdQ==",
      "dev": true,
      "license": "MIT"
    },
    "node_modules/ml-array-max": {
      "version": "1.2.4",
      "resolved": "https://registry.npmjs.org/ml-array-max/-/ml-array-max-1.2.4.tgz",
      "integrity": "sha512-BlEeg80jI0tW6WaPyGxf5Sa4sqvcyY6lbSn5Vcv44lp1I2GR6AWojfUvLnGTNsIXrZ8uqWmo8VcG1WpkI2ONMQ==",
      "dev": true,
      "license": "MIT",
      "dependencies": {
        "is-any-array": "^2.0.0"
      }
    },
    "node_modules/ml-array-min": {
      "version": "1.2.3",
      "resolved": "https://registry.npmjs.org/ml-array-min/-/ml-array-min-1.2.3.tgz",
      "integrity": "sha512-VcZ5f3VZ1iihtrGvgfh/q0XlMobG6GQ8FsNyQXD3T+IlstDv85g8kfV0xUG1QPRO/t21aukaJowDzMTc7j5V6Q==",
      "dev": true,
      "license": "MIT",
      "dependencies": {
        "is-any-array": "^2.0.0"
      }
    },
    "node_modules/ml-array-rescale": {
      "version": "1.3.7",
      "resolved": "https://registry.npmjs.org/ml-array-rescale/-/ml-array-rescale-1.3.7.tgz",
      "integrity": "sha512-48NGChTouvEo9KBctDfHC3udWnQKNKEWN0ziELvY3KG25GR5cA8K8wNVzracsqSW1QEkAXjTNx+ycgAv06/1mQ==",
      "dev": true,
      "license": "MIT",
      "dependencies": {
        "is-any-array": "^2.0.0",
        "ml-array-max": "^1.2.4",
        "ml-array-min": "^1.2.3"
      }
    },
    "node_modules/ml-matrix": {
      "version": "6.12.1",
      "resolved": "https://registry.npmjs.org/ml-matrix/-/ml-matrix-6.12.1.tgz",
      "integrity": "sha512-TJ+8eOFdp+INvzR4zAuwBQJznDUfktMtOB6g/hUcGh3rcyjxbz4Te57Pgri8Q9bhSQ7Zys4IYOGhFdnlgeB6Lw==",
      "dev": true,
      "license": "MIT",
      "dependencies": {
        "is-any-array": "^2.0.1",
        "ml-array-rescale": "^1.3.7"
      }
    },
    "node_modules/monotone-chain-convex-hull": {
      "version": "1.1.0",
      "resolved": "https://registry.npmjs.org/monotone-chain-convex-hull/-/monotone-chain-convex-hull-1.1.0.tgz",
      "integrity": "sha512-iZGaoO2qtqIWaAfscTtsH2LolE06U4JzTw8AgtjT/yzYIA0aoAHDdwBtsesnQXfVRvS375Wu0Y1+FqdI5Y22GA==",
      "dev": true,
      "license": "MIT"
    },
    "node_modules/rgb-hex": {
      "version": "4.1.0",
      "resolved": "https://registry.npmjs.org/rgb-hex/-/rgb-hex-4.1.0.tgz",
      "integrity": "sha512-UZLM57BW09Yi9J1R3OP8B1yCbbDK3NT8BDtihGZkGkGEs2b6EaV85rsfJ6yK4F+8UbxFFmfA+9xHT5ZWhN1gDQ==",
      "dev": true,
      "license": "MIT",
      "engines": {
        "node": ">=12"
      },
      "funding": {
        "url": "https://github.com/sponsors/sindresorhus"
      }
    },
    "node_modules/strnum": {
      "version": "2.1.1",
      "resolved": "https://registry.npmjs.org/strnum/-/strnum-2.1.1.tgz",
      "integrity": "sha512-7ZvoFTiCnGxBtDqJ//Cu6fWtZtc7Y3x+QOirG15wztbdngGSkht27o2pyGWrVy0b4WAy3jbKmnoK6g5VlVNUUw==",
      "dev": true,
      "funding": [
        {
          "type": "github",
          "url": "https://github.com/sponsors/NaturalIntelligence"
        }
      ],
      "license": "MIT"
    },
    "node_modules/svg-parser": {
      "version": "2.0.4",
      "resolved": "https://registry.npmjs.org/svg-parser/-/svg-parser-2.0.4.tgz",
      "integrity": "sha512-e4hG1hRwoOdRb37cIMSgzNsxyzKfayW6VOflrwvR+/bzrkyxY/31WkbgnQpgtrNp1SdpJvpUAGTa/ZoiPNDuRQ==",
      "dev": true,
      "license": "MIT"
    },
    "node_modules/tslib": {
      "version": "2.8.1",
      "resolved": "https://registry.npmjs.org/tslib/-/tslib-2.8.1.tgz",
      "integrity": "sha512-oJFu94HQb+KVduSUQL7wnpmqnfmLsOA/nAh6b6EH0wCEoK0/mPeXU6c3wKDV83MkOuHPRHtSXKKU99IBazS/2w==",
      "dev": true,
      "license": "0BSD"
    },
    "node_modules/uglify-js": {
      "version": "3.17.4",
      "resolved": "https://registry.npmjs.org/uglify-js/-/uglify-js-3.17.4.tgz",
      "integrity": "sha512-T9q82TJI9e/C1TAxYvfb16xO120tMVFZrGA3f9/P4424DNu6ypK103y0GPFVa17yotwSyZW5iYXgjYHkGrJW/g==",
      "dev": true,
      "bin": {
        "uglifyjs": "bin/uglifyjs"
      },
      "engines": {
        "node": ">=0.8.0"
      }
    },
    "node_modules/zod": {
      "version": "3.25.76",
      "resolved": "https://registry.npmjs.org/zod/-/zod-3.25.76.tgz",
      "integrity": "sha512-gzUt/qt81nXsFGKIFcC3YnfEAx5NkunCfnDlvuBSSFS02bcXu4Lmea0AFIUwbLWxWPx3d9p8S5QoaujKcNQxcQ==",
      "dev": true,
      "license": "MIT",
      "funding": {
        "url": "https://github.com/sponsors/colinhacks"
      }
    }
  },
  "dependencies": {
    "@allmaps/annotation": {
      "version": "1.0.0-beta.35",
      "resolved": "https://registry.npmjs.org/@allmaps/annotation/-/annotation-1.0.0-beta.35.tgz",
      "integrity": "sha512-YmAn2cSJrULHl9xML/JeOobLr9zijfR4OTnPKGtlf/RkxTh8SNn0v6T3+x7YWvhT3fOt+oJJsJd6RF4L3oljYw==",
      "dev": true,
      "requires": {
        "zod": "^3.22.4"
      }
    },
    "@allmaps/iiif-parser": {
      "version": "1.0.0-beta.45",
      "resolved": "https://registry.npmjs.org/@allmaps/iiif-parser/-/iiif-parser-1.0.0-beta.45.tgz",
      "integrity": "sha512-xVwfWyVFurp+of4jAYAo8tBHJlku68Os1aByz1cQVG/DosiRfFYfcEV1vsF00PmXIUBmOJyvZ97vqA6r605/Nw==",
      "dev": true,
      "requires": {
        "zod": "^3.24.1"
      }
    },
    "@allmaps/stdlib": {
      "version": "1.0.0-beta.37",
      "resolved": "https://registry.npmjs.org/@allmaps/stdlib/-/stdlib-1.0.0-beta.37.tgz",
      "integrity": "sha512-sIz6un42v1KXS71hOfnqxj9mRJ00ankuSQJl4VN6BJc8EciywNxLgbAzlFR6nPbQbQvlKA83Uvif83i4Ao/w6g==",
      "dev": true,
      "requires": {
        "@allmaps/annotation": "^1.0.0-beta.35",
        "@allmaps/iiif-parser": "^1.0.0-beta.45",
        "@turf/rewind": "^7.2.0",
        "hex-rgb": "^5.0.0",
        "monotone-chain-convex-hull": "^1.1.0",
        "rgb-hex": "^4.1.0",
        "svg-parser": "^2.0.4"
      }
    },
    "@allmaps/transform": {
      "version": "1.0.0-beta.48",
      "resolved": "https://registry.npmjs.org/@allmaps/transform/-/transform-1.0.0-beta.48.tgz",
      "integrity": "sha512-uDfmR9ODPWIDJ6nbKhGK6ElCykoFCqnIG0XK3qGp5+wbvYh/oYnQDjqZMnZPrH/zoaauTw1yDS2lP0APyRiMQA==",
      "dev": true,
      "requires": {
        "@allmaps/stdlib": "^1.0.0-beta.37",
        "@turf/distance": "^7.2.0",
        "@turf/midpoint": "^7.2.0",
        "ml-matrix": "^6.12.0"
      }
    },
    "@turf/bearing": {
      "version": "7.2.0",
      "resolved": "https://registry.npmjs.org/@turf/bearing/-/bearing-7.2.0.tgz",
      "integrity": "sha512-Jm0Xt3GgHjRrWvBtAGvgfnADLm+4exud2pRlmCYx8zfiKuNXQFkrcTZcOiJOgTfG20Agq28iSh15uta47jSIbg==",
      "dev": true,
      "requires": {
        "@turf/helpers": "^7.2.0",
        "@turf/invariant": "^7.2.0",
        "@types/geojson": "^7946.0.10",
        "tslib": "^2.8.1"
      }
    },
    "@turf/boolean-clockwise": {
      "version": "7.2.0",
      "resolved": "https://registry.npmjs.org/@turf/boolean-clockwise/-/boolean-clockwise-7.2.0.tgz",
      "integrity": "sha512-0fJeFSARxy6ealGBM4Gmgpa1o8msQF87p2Dx5V6uSqzT8VPDegX1NSWl4b7QgXczYa9qv7IAABttdWP0K7Q7eQ==",
      "dev": true,
      "requires": {
        "@turf/helpers": "^7.2.0",
        "@turf/invariant": "^7.2.0",
        "@types/geojson": "^7946.0.10",
        "tslib": "^2.8.1"
      }
    },
    "@turf/clone": {
      "version": "7.2.0",
      "resolved": "https://registry.npmjs.org/@turf/clone/-/clone-7.2.0.tgz",
      "integrity": "sha512-JlGUT+/5qoU5jqZmf6NMFIoLDY3O7jKd53Up+zbpJ2vzUp6QdwdNzwrsCeONhynWM13F0MVtPXH4AtdkrgFk4g==",
      "dev": true,
      "requires": {
        "@turf/helpers": "^7.2.0",
        "@types/geojson": "^7946.0.10",
        "tslib": "^2.8.1"
      }
    },
    "@turf/destination": {
      "version": "7.2.0",
      "resolved": "https://registry.npmjs.org/@turf/destination/-/destination-7.2.0.tgz",
      "integrity": "sha512-8DUxtOO0Fvrh1xclIUj3d9C5WS20D21F5E+j+X9Q+ju6fcM4huOqTg5ckV1DN2Pg8caABEc5HEZJnGch/5YnYQ==",
      "dev": true,
      "requires": {
        "@turf/helpers": "^7.2.0",
        "@turf/invariant": "^7.2.0",
        "@types/geojson": "^7946.0.10",
        "tslib": "^2.8.1"
      }
    },
    "@turf/distance": {
      "version": "7.2.0",
      "resolved": "https://registry.npmjs.org/@turf/distance/-/distance-7.2.0.tgz",
      "integrity": "sha512-HBjjXIgEcD/wJYjv7/6OZj5yoky2oUvTtVeIAqO3lL80XRvoYmVg6vkOIu6NswkerwLDDNT9kl7+BFLJoHbh6Q==",
      "dev": true,
      "requires": {
        "@turf/helpers": "^7.2.0",
        "@turf/invariant": "^7.2.0",
        "@types/geojson": "^7946.0.10",
        "tslib": "^2.8.1"
      }
    },
    "@turf/helpers": {
      "version": "7.2.0",
      "resolved": "https://registry.npmjs.org/@turf/helpers/-/helpers-7.2.0.tgz",
      "integrity": "sha512-cXo7bKNZoa7aC7ydLmUR02oB3IgDe7MxiPuRz3cCtYQHn+BJ6h1tihmamYDWWUlPHgSNF0i3ATc4WmDECZafKw==",
      "dev": true,
      "requires": {
        "@types/geojson": "^7946.0.10",
        "tslib": "^2.8.1"
      }
    },
    "@turf/invariant": {
      "version": "7.2.0",
      "resolved": "https://registry.npmjs.org/@turf/invariant/-/invariant-7.2.0.tgz",
      "integrity": "sha512-kV4u8e7Gkpq+kPbAKNC21CmyrXzlbBgFjO1PhrHPgEdNqXqDawoZ3i6ivE3ULJj2rSesCjduUaC/wyvH/sNr2Q==",
      "dev": true,
      "requires": {
        "@turf/helpers": "^7.2.0",
        "@types/geojson": "^7946.0.10",
        "tslib": "^2.8.1"
      }
    },
    "@turf/meta": {
      "version": "7.2.0",
      "resolved": "https://registry.npmjs.org/@turf/meta/-/meta-7.2.0.tgz",
      "integrity": "sha512-igzTdHsQc8TV1RhPuOLVo74Px/hyPrVgVOTgjWQZzt3J9BVseCdpfY/0cJBdlSRI4S/yTmmHl7gAqjhpYH5Yaw==",
      "dev": true,
      "requires": {
        "@turf/helpers": "^7.2.0",
        "@types/geojson": "^7946.0.10"
      }
    },
    "@turf/midpoint": {
      "version": "7.2.0",
      "resolved": "https://registry.npmjs.org/@turf/midpoint/-/midpoint-7.2.0.tgz",
      "integrity": "sha512-AMn5S9aSrbXdE+Q4Rj+T5nLdpfpn+mfzqIaEKkYI021HC0vb22HyhQHsQbSeX+AWcS4CjD1hFsYVcgKI+5qCfw==",
      "dev": true,
      "requires": {
        "@turf/bearing": "^7.2.0",
        "@turf/destination": "^7.2.0",
        "@turf/distance": "^7.2.0",
        "@turf/helpers": "^7.2.0",
        "@types/geojson": "^7946.0.10",
        "tslib": "^2.8.1"
      }
    },
    "@turf/rewind": {
      "version": "7.2.0",
      "resolved": "https://registry.npmjs.org/@turf/rewind/-/rewind-7.2.0.tgz",
      "integrity": "sha512-SZpRAZiZsE22+HVz6pEID+ST25vOdpAMGk5NO1JeqzhpMALIkIGnkG+xnun2CfYHz7wv8/Z0ADiAvei9rkcQYA==",
      "dev": true,
      "requires": {
        "@turf/boolean-clockwise": "^7.2.0",
        "@turf/clone": "^7.2.0",
        "@turf/helpers": "^7.2.0",
        "@turf/invariant": "^7.2.0",
        "@turf/meta": "^7.2.0",
        "@types/geojson": "^7946.0.10",
        "tslib": "^2.8.1"
      }
    },
    "@types/geojson": {
      "version": "7946.0.16",
      "resolved": "https://registry.npmjs.org/@types/geojson/-/geojson-7946.0.16.tgz",
      "integrity": "sha512-6C8nqWur3j98U6+lXDfTUWIfgvZU+EumvpHKcYjujKH7woYyLj2sUmff0tRhrqM7BohUw7Pz3ZB1jj2gW9Fvmg==",
      "dev": true
    },
    "fast-xml-parser": {
      "version": "5.2.5",
      "resolved": "https://registry.npmjs.org/fast-xml-parser/-/fast-xml-parser-5.2.5.tgz",
      "integrity": "sha512-pfX9uG9Ki0yekDHx2SiuRIyFdyAr1kMIMitPvb0YBo8SUfKvia7w7FIyd/l6av85pFYRhZscS75MwMnbvY+hcQ==",
      "dev": true,
      "requires": {
        "strnum": "^2.1.0"
      }
    },
    "hex-rgb": {
      "version": "5.0.0",
      "resolved": "https://registry.npmjs.org/hex-rgb/-/hex-rgb-5.0.0.tgz",
      "integrity": "sha512-NQO+lgVUCtHxZ792FodgW0zflK+ozS9X9dwGp9XvvmPlH7pyxd588cn24TD3rmPm/N0AIRXF10Otah8yKqGw4w==",
      "dev": true
    },
    "is-any-array": {
      "version": "2.0.1",
      "resolved": "https://registry.npmjs.org/is-any-array/-/is-any-array-2.0.1.tgz",
      "integrity": "sha512-UtilS7hLRu++wb/WBAw9bNuP1Eg04Ivn1vERJck8zJthEvXCBEBpGR/33u/xLKWEQf95803oalHrVDptcAvFdQ==",
      "dev": true
    },
    "ml-array-max": {
      "version": "1.2.4",
      "resolved": "https://registry.npmjs.org/ml-array-max/-/ml-array-max-1.2.4.tgz",
      "integrity": "sha512-BlEeg80jI0tW6WaPyGxf5Sa4sqvcyY6lbSn5Vcv44lp1I2GR6AWojfUvLnGTNsIXrZ8uqWmo8VcG1WpkI2ONMQ==",
      "dev": true,
      "requires": {
        "is-any-array": "^2.0.0"
      }
    },
    "ml-array-min": {
      "version": "1.2.3",
      "resolved": "https://registry.npmjs.org/ml-array-min/-/ml-array-min-1.2.3.tgz",
      "integrity": "sha512-VcZ5f3VZ1iihtrGvgfh/q0XlMobG6GQ8FsNyQXD3T+IlstDv85g8kfV0xUG1QPRO/t21aukaJowDzMTc7j5V6Q==",
      "dev": true,
      "requires": {
        "is-any-array": "^2.0.0"
      }
    },
    "ml-array-rescale": {
      "version": "1.3.7",
      "resolved": "https://registry.npmjs.org/ml-array-rescale/-/ml-array-rescale-1.3.7.tgz",
      "integrity": "sha512-48NGChTouvEo9KBctDfHC3udWnQKNKEWN0ziELvY3KG25GR5cA8K8wNVzracsqSW1QEkAXjTNx+ycgAv06/1mQ==",
      "dev": true,
      "requires": {
        "is-any-array": "^2.0.0",
        "ml-array-max": "^1.2.4",
        "ml-array-min": "^1.2.3"
      }
    },
    "ml-matrix": {
      "version": "6.12.1",
      "resolved": "https://registry.npmjs.org/ml-matrix/-/ml-matrix-6.12.1.tgz",
      "integrity": "sha512-TJ+8eOFdp+INvzR4zAuwBQJznDUfktMtOB6g/hUcGh3rcyjxbz4Te57Pgri8Q9bhSQ7Zys4IYOGhFdnlgeB6Lw==",
      "dev": true,
      "requires": {
        "is-any-array": "^2.0.1",
        "ml-array-rescale": "^1.3.7"
      }
    },
    "monotone-chain-convex-hull": {
      "version": "1.1.0",
      "resolved": "https://registry.npmjs.org/monotone-chain-convex-hull/-/monotone-chain-convex-hull-1.1.0.tgz",
      "integrity": "sha512-iZGaoO2qtqIWaAfscTtsH2LolE06U4JzTw8AgtjT/yzYIA0aoAHDdwBtsesnQXfVRvS375Wu0Y1+FqdI5Y22GA==",
      "dev": true
    },
    "rgb-hex": {
      "version": "4.1.0",
      "resolved": "https://registry.npmjs.org/rgb-hex/-/rgb-hex-4.1.0.tgz",
      "integrity": "sha512-UZLM57BW09Yi9J1R3OP8B1yCbbDK3NT8BDtihGZkGkGEs2b6EaV85rsfJ6yK4F+8UbxFFmfA+9xHT5ZWhN1gDQ==",
      "dev": true
    },
    "strnum": {
      "version": "2.1.1",
      "resolved": "https://registry.npmjs.org/strnum/-/strnum-2.1.1.tgz",
      "integrity": "sha512-7ZvoFTiCnGxBtDqJ//Cu6fWtZtc7Y3x+QOirG15wztbdngGSkht27o2pyGWrVy0b4WAy3jbKmnoK6g5VlVNUUw==",
      "dev": true
    },
    "svg-parser": {
      "version": "2.0.4",
      "resolved": "https://registry.npmjs.org/svg-parser/-/svg-parser-2.0.4.tgz",
      "integrity": "sha512-e4hG1hRwoOdRb37cIMSgzNsxyzKfayW6VOflrwvR+/bzrkyxY/31WkbgnQpgtrNp1SdpJvpUAGTa/ZoiPNDuRQ==",
      "dev": true
    },
    "tslib": {
      "version": "2.8.1",
      "resolved": "https://registry.npmjs.org/tslib/-/tslib-2.8.1.tgz",
      "integrity": "sha512-oJFu94HQb+KVduSUQL7wnpmqnfmLsOA/nAh6b6EH0wCEoK0/mPeXU6c3wKDV83MkOuHPRHtSXKKU99IBazS/2w==",
      "dev": true
    },
    "uglify-js": {
      "version": "3.17.4",
      "resolved": "https://registry.npmjs.org/uglify-js/-/uglify-js-3.17.4.tgz",
      "integrity": "sha512-T9q82TJI9e/C1TAxYvfb16xO120tMVFZrGA3f9/P4424DNu6ypK103y0GPFVa17yotwSyZW5iYXgjYHkGrJW/g==",
      "dev": true
    },
    "zod": {
      "version": "3.25.76",
      "resolved": "https://registry.npmjs.org/zod/-/zod-3.25.76.tgz",
      "integrity": "sha512-gzUt/qt81nXsFGKIFcC3YnfEAx5NkunCfnDlvuBSSFS02bcXu4Lmea0AFIUwbLWxWPx3d9p8S5QoaujKcNQxcQ==",
      "dev": true
    }
  }
}
